// !$*UTF8*$!
{
	archiveVersion = 1;
	classes = {
	};
	objectVersion = 50;
	objects = {

/* Begin PBXBuildFile section */
		1EAF67DB25FA2B380071E3B1 /* AppDelegate.swift in Sources */ = {isa = PBXBuildFile; fileRef = 1EAF67DA25FA2B380071E3B1 /* AppDelegate.swift */; };
		1EAF67DD25FA2B380071E3B1 /* SceneDelegate.swift in Sources */ = {isa = PBXBuildFile; fileRef = 1EAF67DC25FA2B380071E3B1 /* SceneDelegate.swift */; };
		1EAF67DF25FA2B380071E3B1 /* ViewController.swift in Sources */ = {isa = PBXBuildFile; fileRef = 1EAF67DE25FA2B380071E3B1 /* ViewController.swift */; };
		1EAF67E225FA2B380071E3B1 /* Main.storyboard in Resources */ = {isa = PBXBuildFile; fileRef = 1EAF67E025FA2B380071E3B1 /* Main.storyboard */; };
		1EAF67E425FA2B380071E3B1 /* Assets.xcassets in Resources */ = {isa = PBXBuildFile; fileRef = 1EAF67E325FA2B380071E3B1 /* Assets.xcassets */; };
		1EAF67E725FA2B380071E3B1 /* LaunchScreen.storyboard in Resources */ = {isa = PBXBuildFile; fileRef = 1EAF67E525FA2B380071E3B1 /* LaunchScreen.storyboard */; };
		1EAF67F025FA2BBD0071E3B1 /* Fact.swift in Sources */ = {isa = PBXBuildFile; fileRef = 1EAF67EF25FA2BBD0071E3B1 /* Fact.swift */; };
		1EAF67F325FA2E0F0071E3B1 /* DataHandler.swift in Sources */ = {isa = PBXBuildFile; fileRef = 1EAF67F225FA2E0F0071E3B1 /* DataHandler.swift */; };
/* End PBXBuildFile section */

/* Begin PBXFileReference section */
		1EAF67D725FA2B380071E3B1 /* Numero.app */ = {isa = PBXFileReference; explicitFileType = wrapper.application; includeInIndex = 0; path = Numero.app; sourceTree = BUILT_PRODUCTS_DIR; };
		1EAF67DA25FA2B380071E3B1 /* AppDelegate.swift */ = {isa = PBXFileReference; lastKnownFileType = sourcecode.swift; path = AppDelegate.swift; sourceTree = "<group>"; };
		1EAF67DC25FA2B380071E3B1 /* SceneDelegate.swift */ = {isa = PBXFileReference; lastKnownFileType = sourcecode.swift; path = SceneDelegate.swift; sourceTree = "<group>"; };
		1EAF67DE25FA2B380071E3B1 /* ViewController.swift */ = {isa = PBXFileReference; lastKnownFileType = sourcecode.swift; path = ViewController.swift; sourceTree = "<group>"; };
		1EAF67E125FA2B380071E3B1 /* Base */ = {isa = PBXFileReference; lastKnownFileType = file.storyboard; name = Base; path = Base.lproj/Main.storyboard; sourceTree = "<group>"; };
		1EAF67E325FA2B380071E3B1 /* Assets.xcassets */ = {isa = PBXFileReference; lastKnownFileType = folder.assetcatalog; path = Assets.xcassets; sourceTree = "<group>"; };
		1EAF67E625FA2B380071E3B1 /* Base */ = {isa = PBXFileReference; lastKnownFileType = file.storyboard; name = Base; path = Base.lproj/LaunchScreen.storyboard; sourceTree = "<group>"; };
		1EAF67E825FA2B380071E3B1 /* Info.plist */ = {isa = PBXFileReference; lastKnownFileType = text.plist.xml; path = Info.plist; sourceTree = "<group>"; };
		1EAF67EF25FA2BBD0071E3B1 /* Fact.swift */ = {isa = PBXFileReference; lastKnownFileType = sourcecode.swift; path = Fact.swift; sourceTree = "<group>"; };
		1EAF67F225FA2E0F0071E3B1 /* DataHandler.swift */ = {isa = PBXFileReference; lastKnownFileType = sourcecode.swift; path = DataHandler.swift; sourceTree = "<group>"; };
/* End PBXFileReference section */

/* Begin PBXFrameworksBuildPhase section */
		1EAF67D425FA2B380071E3B1 /* Frameworks */ = {
			isa = PBXFrameworksBuildPhase;
			buildActionMask = 2147483647;
			files = (
			);
			runOnlyForDeploymentPostprocessing = 0;
		};
/* End PBXFrameworksBuildPhase section */

/* Begin PBXGroup section */
		1EAF67CE25FA2B380071E3B1 = {
			isa = PBXGroup;
			children = (
				1EAF67D925FA2B380071E3B1 /* Numero */,
				1EAF67D825FA2B380071E3B1 /* Products */,
			);
			sourceTree = "<group>";
		};
		1EAF67D825FA2B380071E3B1 /* Products */ = {
			isa = PBXGroup;
			children = (
				1EAF67D725FA2B380071E3B1 /* Numero.app */,
			);
			name = Products;
			sourceTree = "<group>";
		};
		1EAF67D925FA2B380071E3B1 /* Numero */ = {
			isa = PBXGroup;
			children = (
				1EAF67DA25FA2B380071E3B1 /* AppDelegate.swift */,
				1EAF67DC25FA2B380071E3B1 /* SceneDelegate.swift */,
				1EAF67DE25FA2B380071E3B1 /* ViewController.swift */,
				1EAF67EF25FA2BBD0071E3B1 /* Fact.swift */,
				1EAF67F225FA2E0F0071E3B1 /* DataHandler.swift */,
				1EAF67E025FA2B380071E3B1 /* Main.storyboard */,
				1EAF67E325FA2B380071E3B1 /* Assets.xcassets */,
				1EAF67E525FA2B380071E3B1 /* LaunchScreen.storyboard */,
				1EAF67E825FA2B380071E3B1 /* Info.plist */,
			);
			path = Numero;
			sourceTree = "<group>";
		};
/* End PBXGroup section */

/* Begin PBXNativeTarget section */
		1EAF67D625FA2B380071E3B1 /* Numero */ = {
			isa = PBXNativeTarget;
			buildConfigurationList = 1EAF67EB25FA2B380071E3B1 /* Build configuration list for PBXNativeTarget "Numero" */;
			buildPhases = (
				1EAF67D325FA2B380071E3B1 /* Sources */,
				1EAF67D425FA2B380071E3B1 /* Frameworks */,
				1EAF67D525FA2B380071E3B1 /* Resources */,
			);
			buildRules = (
			);
			dependencies = (
			);
			name = Numero;
			productName = Numero;
			productReference = 1EAF67D725FA2B380071E3B1 /* Numero.app */;
			productType = "com.apple.product-type.application";
		};
/* End PBXNativeTarget section */

/* Begin PBXProject section */
		1EAF67CF25FA2B380071E3B1 /* Project object */ = {
			isa = PBXProject;
			attributes = {
				LastSwiftUpdateCheck = 1240;
				LastUpgradeCheck = 1240;
				TargetAttributes = {
					1EAF67D625FA2B380071E3B1 = {
						CreatedOnToolsVersion = 12.4;
					};
				};
			};
			buildConfigurationList = 1EAF67D225FA2B380071E3B1 /* Build configuration list for PBXProject "Numero" */;
			compatibilityVersion = "Xcode 9.3";
			developmentRegion = en;
			hasScannedForEncodings = 0;
			knownRegions = (
				en,
				Base,
			);
			mainGroup = 1EAF67CE25FA2B380071E3B1;
			productRefGroup = 1EAF67D825FA2B380071E3B1 /* Products */;
			projectDirPath = "";
			projectRoot = "";
			targets = (
				1EAF67D625FA2B380071E3B1 /* Numero */,
			);
		};
/* End PBXProject section */

/* Begin PBXResourcesBuildPhase section */
		1EAF67D525FA2B380071E3B1 /* Resources */ = {
			isa = PBXResourcesBuildPhase;
			buildActionMask = 2147483647;
			files = (
				1EAF67E725FA2B380071E3B1 /* LaunchScreen.storyboard in Resources */,
				1EAF67E425FA2B380071E3B1 /* Assets.xcassets in Resources */,
				1EAF67E225FA2B380071E3B1 /* Main.storyboard in Resources */,
			);
			runOnlyForDeploymentPostprocessing = 0;
		};
/* End PBXResourcesBuildPhase section */

/* Begin PBXSourcesBuildPhase section */
		1EAF67D325FA2B380071E3B1 /* Sources */ = {
			isa = PBXSourcesBuildPhase;
			buildActionMask = 2147483647;
			files = (
				1EAF67DF25FA2B380071E3B1 /* ViewController.swift in Sources */,
				1EAF67DB25FA2B380071E3B1 /* AppDelegate.swift in Sources */,
				1EAF67DD25FA2B380071E3B1 /* SceneDelegate.swift in Sources */,
				1EAF67F025FA2BBD0071E3B1 /* Fact.swift in Sources */,
				1EAF67F325FA2E0F0071E3B1 /* DataHandler.swift in Sources */,
			);
			runOnlyForDeploymentPostprocessing = 0;
		};
/* End PBXSourcesBuildPhase section */

/* Begin PBXVariantGroup section */
		1EAF67E025FA2B380071E3B1 /* Main.storyboard */ = {
			isa = PBXVariantGroup;
			children = (
				1EAF67E125FA2B380071E3B1 /* Base */,
			);
			name = Main.storyboard;
			sourceTree = "<group>";
		};
		1EAF67E525FA2B380071E3B1 /* LaunchScreen.storyboard */ = {
			isa = PBXVariantGroup;
			children = (
				1EAF67E625FA2B380071E3B1 /* Base */,
			);
			name = LaunchScreen.storyboard;
			sourceTree = "<group>";
		};
/* End PBXVariantGroup section */

/* Begin XCBuildConfiguration section */
		1EAF67E925FA2B380071E3B1 /* Debug */ = {
			isa = XCBuildConfiguration;
			buildSettings = {
				ALWAYS_SEARCH_USER_PATHS = NO;
				CLANG_ANALYZER_NONNULL = YES;
				CLANG_ANALYZER_NUMBER_OBJECT_CONVERSION = YES_AGGRESSIVE;
				CLANG_CXX_LANGUAGE_STANDARD = "gnu++14";
				CLANG_CXX_LIBRARY = "libc++";
				CLANG_ENABLE_MODULES = YES;
				CLANG_ENABLE_OBJC_ARC = YES;
				CLANG_ENABLE_OBJC_WEAK = YES;
				CLANG_WARN_BLOCK_CAPTURE_AUTORELEASING = YES;
				CLANG_WARN_BOOL_CONVERSION = YES;
				CLANG_WARN_COMMA = YES;
				CLANG_WARN_CONSTANT_CONVERSION = YES;
				CLANG_WARN_DEPRECATED_OBJC_IMPLEMENTATIONS = YES;
				CLANG_WARN_DIRECT_OBJC_ISA_USAGE = YES_ERROR;
				CLANG_WARN_DOCUMENTATION_COMMENTS = YES;
				CLANG_WARN_EMPTY_BODY = YES;
				CLANG_WARN_ENUM_CONVERSION = YES;
				CLANG_WARN_INFINITE_RECURSION = YES;
				CLANG_WARN_INT_CONVERSION = YES;
				CLANG_WARN_NON_LITERAL_NULL_CONVERSION = YES;
				CLANG_WARN_OBJC_IMPLICIT_RETAIN_SELF = YES;
				CLANG_WARN_OBJC_LITERAL_CONVERSION = YES;
				CLANG_WARN_OBJC_ROOT_CLASS = YES_ERROR;
				CLANG_WARN_QUOTED_INCLUDE_IN_FRAMEWORK_HEADER = YES;
				CLANG_WARN_RANGE_LOOP_ANALYSIS = YES;
				CLANG_WARN_STRICT_PROTOTYPES = YES;
				CLANG_WARN_SUSPICIOUS_MOVE = YES;
				CLANG_WARN_UNGUARDED_AVAILABILITY = YES_AGGRESSIVE;
				CLANG_WARN_UNREACHABLE_CODE = YES;
				CLANG_WARN__DUPLICATE_METHOD_MATCH = YES;
				COPY_PHASE_STRIP = NO;
				DEBUG_INFORMATION_FORMAT = dwarf;
				ENABLE_STRICT_OBJC_MSGSEND = YES;
				ENABLE_TESTABILITY = YES;
				GCC_C_LANGUAGE_STANDARD = gnu11;
				GCC_DYNAMIC_NO_PIC = NO;
				GCC_NO_COMMON_BLOCKS = YES;
				GCC_OPTIMIZATION_LEVEL = 0;
				GCC_PREPROCESSOR_DEFINITIONS = (
					"DEBUG=1",
					"$(inherited)",
				);
				GCC_WARN_64_TO_32_BIT_CONVERSION = YES;
				GCC_WARN_ABOUT_RETURN_TYPE = YES_ERROR;
				GCC_WARN_UNDECLARED_SELECTOR = YES;
				GCC_WARN_UNINITIALIZED_AUTOS = YES_AGGRESSIVE;
				GCC_WARN_UNUSED_FUNCTION = YES;
				GCC_WARN_UNUSED_VARIABLE = YES;
				IPHONEOS_DEPLOYMENT_TARGET = 14.4;
				MTL_ENABLE_DEBUG_INFO = INCLUDE_SOURCE;
				MTL_FAST_MATH = YES;
				ONLY_ACTIVE_ARCH = YES;
				SDKROOT = iphoneos;
				SWIFT_ACTIVE_COMPILATION_CONDITIONS = DEBUG;
				SWIFT_OPTIMIZATION_LEVEL = "-Onone";
			};
			name = Debug;
		};
		1EAF67EA25FA2B380071E3B1 /* Release */ = {
			isa = XCBuildConfiguration;
			buildSettings = {
				ALWAYS_SEARCH_USER_PATHS = NO;
				CLANG_ANALYZER_NONNULL = YES;
				CLANG_ANALYZER_NUMBER_OBJECT_CONVERSION = YES_AGGRESSIVE;
				CLANG_CXX_LANGUAGE_STANDARD = "gnu++14";
				CLANG_CXX_LIBRARY = "libc++";
				CLANG_ENABLE_MODULES = YES;
				CLANG_ENABLE_OBJC_ARC = YES;
				CLANG_ENABLE_OBJC_WEAK = YES;
				CLANG_WARN_BLOCK_CAPTURE_AUTORELEASING = YES;
				CLANG_WARN_BOOL_CONVERSION = YES;
				CLANG_WARN_COMMA = YES;
				CLANG_WARN_CONSTANT_CONVERSION = YES;
				CLANG_WARN_DEPRECATED_OBJC_IMPLEMENTATIONS = YES;
				CLANG_WARN_DIRECT_OBJC_ISA_USAGE = YES_ERROR;
				CLANG_WARN_DOCUMENTATION_COMMENTS = YES;
				CLANG_WARN_EMPTY_BODY = YES;
				CLANG_WARN_ENUM_CONVERSION = YES;
				CLANG_WARN_INFINITE_RECURSION = YES;
				CLANG_WARN_INT_CONVERSION = YES;
				CLANG_WARN_NON_LITERAL_NULL_CONVERSION = YES;
				CLANG_WARN_OBJC_IMPLICIT_RETAIN_SELF = YES;
				CLANG_WARN_OBJC_LITERAL_CONVERSION = YES;
				CLANG_WARN_OBJC_ROOT_CLASS = YES_ERROR;
				CLANG_WARN_QUOTED_INCLUDE_IN_FRAMEWORK_HEADER = YES;
				CLANG_WARN_RANGE_LOOP_ANALYSIS = YES;
				CLANG_WARN_STRICT_PROTOTYPES = YES;
				CLANG_WARN_SUSPICIOUS_MOVE = YES;
				CLANG_WARN_UNGUARDED_AVAILABILITY = YES_AGGRESSIVE;
				CLANG_WARN_UNREACHABLE_CODE = YES;
				CLANG_WARN__DUPLICATE_METHOD_MATCH = YES;
				COPY_PHASE_STRIP = NO;
				DEBUG_INFORMATION_FORMAT = "dwarf-with-dsym";
				ENABLE_NS_ASSERTIONS = NO;
				ENABLE_STRICT_OBJC_MSGSEND = YES;
				GCC_C_LANGUAGE_STANDARD = gnu11;
				GCC_NO_COMMON_BLOCKS = YES;
				GCC_WARN_64_TO_32_BIT_CONVERSION = YES;
				GCC_WARN_ABOUT_RETURN_TYPE = YES_ERROR;
				GCC_WARN_UNDECLARED_SELECTOR = YES;
				GCC_WARN_UNINITIALIZED_AUTOS = YES_AGGRESSIVE;
				GCC_WARN_UNUSED_FUNCTION = YES;
				GCC_WARN_UNUSED_VARIABLE = YES;
				IPHONEOS_DEPLOYMENT_TARGET = 14.4;
				MTL_ENABLE_DEBUG_INFO = NO;
				MTL_FAST_MATH = YES;
				SDKROOT = iphoneos;
				SWIFT_COMPILATION_MODE = wholemodule;
				SWIFT_OPTIMIZATION_LEVEL = "-O";
				VALIDATE_PRODUCT = YES;
			};
			name = Release;
		};
		1EAF67EC25FA2B380071E3B1 /* Debug */ = {
			isa = XCBuildConfiguration;
			buildSettings = {
				ASSETCATALOG_COMPILER_APPICON_NAME = AppIcon;
				ASSETCATALOG_COMPILER_GLOBAL_ACCENT_COLOR_NAME = AccentColor;
				CODE_SIGN_STYLE = Automatic;
				INFOPLIST_FILE = Numero/Info.plist;
				LD_RUNPATH_SEARCH_PATHS = (
					"$(inherited)",
					"@executable_path/Frameworks",
				);
				PRODUCT_BUNDLE_IDENTIFIER = xfillmore.Numero;
				PRODUCT_NAME = "$(TARGET_NAME)";
				SWIFT_VERSION = 5.0;
				TARGETED_DEVICE_FAMILY = "1,2";
			};
			name = Debug;
		};
		1EAF67ED25FA2B380071E3B1 /* Release */ = {
			isa = XCBuildConfiguration;
			buildSettings = {
				ASSETCATALOG_COMPILER_APPICON_NAME = AppIcon;
				ASSETCATALOG_COMPILER_GLOBAL_ACCENT_COLOR_NAME = AccentColor;
				CODE_SIGN_STYLE = Automatic;
				INFOPLIST_FILE = Numero/Info.plist;
				LD_RUNPATH_SEARCH_PATHS = (
					"$(inherited)",
					"@executable_path/Frameworks",
				);
				PRODUCT_BUNDLE_IDENTIFIER = xfillmore.Numero;
				PRODUCT_NAME = "$(TARGET_NAME)";
				SWIFT_VERSION = 5.0;
				TARGETED_DEVICE_FAMILY = "1,2";
			};
			name = Release;
		};
/* End XCBuildConfiguration section */

/* Begin XCConfigurationList section */
		1EAF67D225FA2B380071E3B1 /* Build configuration list for PBXProject "Numero" */ = {
			isa = XCConfigurationList;
			buildConfigurations = (
				1EAF67E925FA2B380071E3B1 /* Debug */,
				1EAF67EA25FA2B380071E3B1 /* Release */,
			);
			defaultConfigurationIsVisible = 0;
			defaultConfigurationName = Release;
		};
		1EAF67EB25FA2B380071E3B1 /* Build configuration list for PBXNativeTarget "Numero" */ = {
			isa = XCConfigurationList;
			buildConfigurations = (
				1EAF67EC25FA2B380071E3B1 /* Debug */,
				1EAF67ED25FA2B380071E3B1 /* Release */,
			);
			defaultConfigurationIsVisible = 0;
			defaultConfigurationName = Release;
		};
/* End XCConfigurationList section */
	};
	rootObject = 1EAF67CF25FA2B380071E3B1 /* Project object */;
}
