// !$*UTF8*$!
{
	archiveVersion = 1;
	classes = {
	};
	objectVersion = 50;
	objects = {

/* Begin PBXBuildFile section */
		1EF6C8F525CBEF3200D8E66E /* AppDelegate.swift in Sources */ = {isa = PBXBuildFile; fileRef = 1EF6C8F425CBEF3200D8E66E /* AppDelegate.swift */; };
		1EF6C8F725CBEF3200D8E66E /* SceneDelegate.swift in Sources */ = {isa = PBXBuildFile; fileRef = 1EF6C8F625CBEF3200D8E66E /* SceneDelegate.swift */; };
		1EF6C8F925CBEF3200D8E66E /* ViewController.swift in Sources */ = {isa = PBXBuildFile; fileRef = 1EF6C8F825CBEF3200D8E66E /* ViewController.swift */; };
		1EF6C8FC25CBEF3200D8E66E /* Main.storyboard in Resources */ = {isa = PBXBuildFile; fileRef = 1EF6C8FA25CBEF3200D8E66E /* Main.storyboard */; };
		1EF6C8FE25CBEF3400D8E66E /* Assets.xcassets in Resources */ = {isa = PBXBuildFile; fileRef = 1EF6C8FD25CBEF3400D8E66E /* Assets.xcassets */; };
		1EF6C90125CBEF3400D8E66E /* LaunchScreen.storyboard in Resources */ = {isa = PBXBuildFile; fileRef = 1EF6C8FF25CBEF3400D8E66E /* LaunchScreen.storyboard */; };
		1EF6C90D25CC041700D8E66E /* constellations.plist in Resources */ = {isa = PBXBuildFile; fileRef = 1EF6C90C25CC041700D8E66E /* constellations.plist */; };
		1EF6C90F25CC1C4600D8E66E /* ViewControllerMoon.swift in Sources */ = {isa = PBXBuildFile; fileRef = 1EF6C90E25CC1C4600D8E66E /* ViewControllerMoon.swift */; };
		1EF6C91125CC1C6C00D8E66E /* ViewControllerExternal.swift in Sources */ = {isa = PBXBuildFile; fileRef = 1EF6C91025CC1C6C00D8E66E /* ViewControllerExternal.swift */; };
		1EF6C91325CC286400D8E66E /* DataLoader.swift in Sources */ = {isa = PBXBuildFile; fileRef = 1EF6C91225CC286400D8E66E /* DataLoader.swift */; };
		1EF6C91525CC28F500D8E66E /* StarMap.swift in Sources */ = {isa = PBXBuildFile; fileRef = 1EF6C91425CC28F500D8E66E /* StarMap.swift */; };
/* End PBXBuildFile section */

/* Begin PBXFileReference section */
		1EF6C8F125CBEF3200D8E66E /* LuminaryClock.app */ = {isa = PBXFileReference; explicitFileType = wrapper.application; includeInIndex = 0; path = LuminaryClock.app; sourceTree = BUILT_PRODUCTS_DIR; };
		1EF6C8F425CBEF3200D8E66E /* AppDelegate.swift */ = {isa = PBXFileReference; lastKnownFileType = sourcecode.swift; path = AppDelegate.swift; sourceTree = "<group>"; };
		1EF6C8F625CBEF3200D8E66E /* SceneDelegate.swift */ = {isa = PBXFileReference; lastKnownFileType = sourcecode.swift; path = SceneDelegate.swift; sourceTree = "<group>"; };
		1EF6C8F825CBEF3200D8E66E /* ViewController.swift */ = {isa = PBXFileReference; lastKnownFileType = sourcecode.swift; path = ViewController.swift; sourceTree = "<group>"; };
		1EF6C8FB25CBEF3200D8E66E /* Base */ = {isa = PBXFileReference; lastKnownFileType = file.storyboard; name = Base; path = Base.lproj/Main.storyboard; sourceTree = "<group>"; };
		1EF6C8FD25CBEF3400D8E66E /* Assets.xcassets */ = {isa = PBXFileReference; lastKnownFileType = folder.assetcatalog; path = Assets.xcassets; sourceTree = "<group>"; };
		1EF6C90025CBEF3400D8E66E /* Base */ = {isa = PBXFileReference; lastKnownFileType = file.storyboard; name = Base; path = Base.lproj/LaunchScreen.storyboard; sourceTree = "<group>"; };
		1EF6C90225CBEF3400D8E66E /* Info.plist */ = {isa = PBXFileReference; lastKnownFileType = text.plist.xml; path = Info.plist; sourceTree = "<group>"; };
		1EF6C90C25CC041700D8E66E /* constellations.plist */ = {isa = PBXFileReference; lastKnownFileType = text.plist.xml; path = constellations.plist; sourceTree = "<group>"; };
		1EF6C90E25CC1C4600D8E66E /* ViewControllerMoon.swift */ = {isa = PBXFileReference; lastKnownFileType = sourcecode.swift; path = ViewControllerMoon.swift; sourceTree = "<group>"; };
		1EF6C91025CC1C6C00D8E66E /* ViewControllerExternal.swift */ = {isa = PBXFileReference; lastKnownFileType = sourcecode.swift; path = ViewControllerExternal.swift; sourceTree = "<group>"; };
		1EF6C91225CC286400D8E66E /* DataLoader.swift */ = {isa = PBXFileReference; lastKnownFileType = sourcecode.swift; path = DataLoader.swift; sourceTree = "<group>"; };
		1EF6C91425CC28F500D8E66E /* StarMap.swift */ = {isa = PBXFileReference; lastKnownFileType = sourcecode.swift; path = StarMap.swift; sourceTree = "<group>"; };
/* End PBXFileReference section */

/* Begin PBXFrameworksBuildPhase section */
		1EF6C8EE25CBEF3200D8E66E /* Frameworks */ = {
			isa = PBXFrameworksBuildPhase;
			buildActionMask = 2147483647;
			files = (
			);
			runOnlyForDeploymentPostprocessing = 0;
		};
/* End PBXFrameworksBuildPhase section */

/* Begin PBXGroup section */
		1EF6C8E825CBEF3200D8E66E = {
			isa = PBXGroup;
			children = (
				1EF6C8F325CBEF3200D8E66E /* LuminaryClock */,
				1EF6C8F225CBEF3200D8E66E /* Products */,
			);
			sourceTree = "<group>";
		};
		1EF6C8F225CBEF3200D8E66E /* Products */ = {
			isa = PBXGroup;
			children = (
				1EF6C8F125CBEF3200D8E66E /* LuminaryClock.app */,
			);
			name = Products;
			sourceTree = "<group>";
		};
		1EF6C8F325CBEF3200D8E66E /* LuminaryClock */ = {
			isa = PBXGroup;
			children = (
				1EF6C8F425CBEF3200D8E66E /* AppDelegate.swift */,
				1EF6C8F625CBEF3200D8E66E /* SceneDelegate.swift */,
				1EF6C8FA25CBEF3200D8E66E /* Main.storyboard */,
				1EF6C91225CC286400D8E66E /* DataLoader.swift */,
				1EF6C91425CC28F500D8E66E /* StarMap.swift */,
				1EF6C8F825CBEF3200D8E66E /* ViewController.swift */,
				1EF6C90E25CC1C4600D8E66E /* ViewControllerMoon.swift */,
				1EF6C91025CC1C6C00D8E66E /* ViewControllerExternal.swift */,
				1EF6C8FD25CBEF3400D8E66E /* Assets.xcassets */,
				1EF6C8FF25CBEF3400D8E66E /* LaunchScreen.storyboard */,
				1EF6C90225CBEF3400D8E66E /* Info.plist */,
				1EF6C90C25CC041700D8E66E /* constellations.plist */,
			);
			path = LuminaryClock;
			sourceTree = "<group>";
		};
/* End PBXGroup section */

/* Begin PBXNativeTarget section */
		1EF6C8F025CBEF3200D8E66E /* LuminaryClock */ = {
			isa = PBXNativeTarget;
			buildConfigurationList = 1EF6C90525CBEF3400D8E66E /* Build configuration list for PBXNativeTarget "LuminaryClock" */;
			buildPhases = (
				1EF6C8ED25CBEF3200D8E66E /* Sources */,
				1EF6C8EE25CBEF3200D8E66E /* Frameworks */,
				1EF6C8EF25CBEF3200D8E66E /* Resources */,
			);
			buildRules = (
			);
			dependencies = (
			);
			name = LuminaryClock;
			productName = LuminaryClock;
			productReference = 1EF6C8F125CBEF3200D8E66E /* LuminaryClock.app */;
			productType = "com.apple.product-type.application";
		};
/* End PBXNativeTarget section */

/* Begin PBXProject section */
		1EF6C8E925CBEF3200D8E66E /* Project object */ = {
			isa = PBXProject;
			attributes = {
				LastSwiftUpdateCheck = 1160;
				LastUpgradeCheck = 1160;
				ORGANIZATIONNAME = Xuedan;
				TargetAttributes = {
					1EF6C8F025CBEF3200D8E66E = {
						CreatedOnToolsVersion = 11.6;
					};
				};
			};
			buildConfigurationList = 1EF6C8EC25CBEF3200D8E66E /* Build configuration list for PBXProject "LuminaryClock" */;
			compatibilityVersion = "Xcode 9.3";
			developmentRegion = en;
			hasScannedForEncodings = 0;
			knownRegions = (
				en,
				Base,
			);
			mainGroup = 1EF6C8E825CBEF3200D8E66E;
			productRefGroup = 1EF6C8F225CBEF3200D8E66E /* Products */;
			projectDirPath = "";
			projectRoot = "";
			targets = (
				1EF6C8F025CBEF3200D8E66E /* LuminaryClock */,
			);
		};
/* End PBXProject section */

/* Begin PBXResourcesBuildPhase section */
		1EF6C8EF25CBEF3200D8E66E /* Resources */ = {
			isa = PBXResourcesBuildPhase;
			buildActionMask = 2147483647;
			files = (
				1EF6C90D25CC041700D8E66E /* constellations.plist in Resources */,
				1EF6C90125CBEF3400D8E66E /* LaunchScreen.storyboard in Resources */,
				1EF6C8FE25CBEF3400D8E66E /* Assets.xcassets in Resources */,
				1EF6C8FC25CBEF3200D8E66E /* Main.storyboard in Resources */,
			);
			runOnlyForDeploymentPostprocessing = 0;
		};
/* End PBXResourcesBuildPhase section */

/* Begin PBXSourcesBuildPhase section */
		1EF6C8ED25CBEF3200D8E66E /* Sources */ = {
			isa = PBXSourcesBuildPhase;
			buildActionMask = 2147483647;
			files = (
				1EF6C8F925CBEF3200D8E66E /* ViewController.swift in Sources */,
				1EF6C8F525CBEF3200D8E66E /* AppDelegate.swift in Sources */,
				1EF6C91525CC28F500D8E66E /* StarMap.swift in Sources */,
				1EF6C91325CC286400D8E66E /* DataLoader.swift in Sources */,
				1EF6C91125CC1C6C00D8E66E /* ViewControllerExternal.swift in Sources */,
				1EF6C8F725CBEF3200D8E66E /* SceneDelegate.swift in Sources */,
				1EF6C90F25CC1C4600D8E66E /* ViewControllerMoon.swift in Sources */,
			);
			runOnlyForDeploymentPostprocessing = 0;
		};
/* End PBXSourcesBuildPhase section */

/* Begin PBXVariantGroup section */
		1EF6C8FA25CBEF3200D8E66E /* Main.storyboard */ = {
			isa = PBXVariantGroup;
			children = (
				1EF6C8FB25CBEF3200D8E66E /* Base */,
			);
			name = Main.storyboard;
			sourceTree = "<group>";
		};
		1EF6C8FF25CBEF3400D8E66E /* LaunchScreen.storyboard */ = {
			isa = PBXVariantGroup;
			children = (
				1EF6C90025CBEF3400D8E66E /* Base */,
			);
			name = LaunchScreen.storyboard;
			sourceTree = "<group>";
		};
/* End PBXVariantGroup section */

/* Begin XCBuildConfiguration section */
		1EF6C90325CBEF3400D8E66E /* Debug */ = {
			isa = XCBuildConfiguration;
			buildSettings = {
				ALWAYS_SEARCH_USER_PATHS = NO;
				CLANG_ANALYZER_NONNULL = YES;
				CLANG_ANALYZER_NUMBER_OBJECT_CONVERSION = YES_AGGRESSIVE;
				CLANG_CXX_LANGUAGE_STANDARD = "gnu++14";
				CLANG_CXX_LIBRARY = "libc++";
				CLANG_ENABLE_MODULES = YES;
				CLANG_ENABLE_OBJC_ARC = YES;
				CLANG_ENABLE_OBJC_WEAK = YES;
				CLANG_WARN_BLOCK_CAPTURE_AUTORELEASING = YES;
				CLANG_WARN_BOOL_CONVERSION = YES;
				CLANG_WARN_COMMA = YES;
				CLANG_WARN_CONSTANT_CONVERSION = YES;
				CLANG_WARN_DEPRECATED_OBJC_IMPLEMENTATIONS = YES;
				CLANG_WARN_DIRECT_OBJC_ISA_USAGE = YES_ERROR;
				CLANG_WARN_DOCUMENTATION_COMMENTS = YES;
				CLANG_WARN_EMPTY_BODY = YES;
				CLANG_WARN_ENUM_CONVERSION = YES;
				CLANG_WARN_INFINITE_RECURSION = YES;
				CLANG_WARN_INT_CONVERSION = YES;
				CLANG_WARN_NON_LITERAL_NULL_CONVERSION = YES;
				CLANG_WARN_OBJC_IMPLICIT_RETAIN_SELF = YES;
				CLANG_WARN_OBJC_LITERAL_CONVERSION = YES;
				CLANG_WARN_OBJC_ROOT_CLASS = YES_ERROR;
				CLANG_WARN_RANGE_LOOP_ANALYSIS = YES;
				CLANG_WARN_STRICT_PROTOTYPES = YES;
				CLANG_WARN_SUSPICIOUS_MOVE = YES;
				CLANG_WARN_UNGUARDED_AVAILABILITY = YES_AGGRESSIVE;
				CLANG_WARN_UNREACHABLE_CODE = YES;
				CLANG_WARN__DUPLICATE_METHOD_MATCH = YES;
				COPY_PHASE_STRIP = NO;
				DEBUG_INFORMATION_FORMAT = dwarf;
				ENABLE_STRICT_OBJC_MSGSEND = YES;
				ENABLE_TESTABILITY = YES;
				GCC_C_LANGUAGE_STANDARD = gnu11;
				GCC_DYNAMIC_NO_PIC = NO;
				GCC_NO_COMMON_BLOCKS = YES;
				GCC_OPTIMIZATION_LEVEL = 0;
				GCC_PREPROCESSOR_DEFINITIONS = (
					"DEBUG=1",
					"$(inherited)",
				);
				GCC_WARN_64_TO_32_BIT_CONVERSION = YES;
				GCC_WARN_ABOUT_RETURN_TYPE = YES_ERROR;
				GCC_WARN_UNDECLARED_SELECTOR = YES;
				GCC_WARN_UNINITIALIZED_AUTOS = YES_AGGRESSIVE;
				GCC_WARN_UNUSED_FUNCTION = YES;
				GCC_WARN_UNUSED_VARIABLE = YES;
				IPHONEOS_DEPLOYMENT_TARGET = 13.6;
				MTL_ENABLE_DEBUG_INFO = INCLUDE_SOURCE;
				MTL_FAST_MATH = YES;
				ONLY_ACTIVE_ARCH = YES;
				SDKROOT = iphoneos;
				SWIFT_ACTIVE_COMPILATION_CONDITIONS = DEBUG;
				SWIFT_OPTIMIZATION_LEVEL = "-Onone";
			};
			name = Debug;
		};
		1EF6C90425CBEF3400D8E66E /* Release */ = {
			isa = XCBuildConfiguration;
			buildSettings = {
				ALWAYS_SEARCH_USER_PATHS = NO;
				CLANG_ANALYZER_NONNULL = YES;
				CLANG_ANALYZER_NUMBER_OBJECT_CONVERSION = YES_AGGRESSIVE;
				CLANG_CXX_LANGUAGE_STANDARD = "gnu++14";
				CLANG_CXX_LIBRARY = "libc++";
				CLANG_ENABLE_MODULES = YES;
				CLANG_ENABLE_OBJC_ARC = YES;
				CLANG_ENABLE_OBJC_WEAK = YES;
				CLANG_WARN_BLOCK_CAPTURE_AUTORELEASING = YES;
				CLANG_WARN_BOOL_CONVERSION = YES;
				CLANG_WARN_COMMA = YES;
				CLANG_WARN_CONSTANT_CONVERSION = YES;
				CLANG_WARN_DEPRECATED_OBJC_IMPLEMENTATIONS = YES;
				CLANG_WARN_DIRECT_OBJC_ISA_USAGE = YES_ERROR;
				CLANG_WARN_DOCUMENTATION_COMMENTS = YES;
				CLANG_WARN_EMPTY_BODY = YES;
				CLANG_WARN_ENUM_CONVERSION = YES;
				CLANG_WARN_INFINITE_RECURSION = YES;
				CLANG_WARN_INT_CONVERSION = YES;
				CLANG_WARN_NON_LITERAL_NULL_CONVERSION = YES;
				CLANG_WARN_OBJC_IMPLICIT_RETAIN_SELF = YES;
				CLANG_WARN_OBJC_LITERAL_CONVERSION = YES;
				CLANG_WARN_OBJC_ROOT_CLASS = YES_ERROR;
				CLANG_WARN_RANGE_LOOP_ANALYSIS = YES;
				CLANG_WARN_STRICT_PROTOTYPES = YES;
				CLANG_WARN_SUSPICIOUS_MOVE = YES;
				CLANG_WARN_UNGUARDED_AVAILABILITY = YES_AGGRESSIVE;
				CLANG_WARN_UNREACHABLE_CODE = YES;
				CLANG_WARN__DUPLICATE_METHOD_MATCH = YES;
				COPY_PHASE_STRIP = NO;
				DEBUG_INFORMATION_FORMAT = "dwarf-with-dsym";
				ENABLE_NS_ASSERTIONS = NO;
				ENABLE_STRICT_OBJC_MSGSEND = YES;
				GCC_C_LANGUAGE_STANDARD = gnu11;
				GCC_NO_COMMON_BLOCKS = YES;
				GCC_WARN_64_TO_32_BIT_CONVERSION = YES;
				GCC_WARN_ABOUT_RETURN_TYPE = YES_ERROR;
				GCC_WARN_UNDECLARED_SELECTOR = YES;
				GCC_WARN_UNINITIALIZED_AUTOS = YES_AGGRESSIVE;
				GCC_WARN_UNUSED_FUNCTION = YES;
				GCC_WARN_UNUSED_VARIABLE = YES;
				IPHONEOS_DEPLOYMENT_TARGET = 13.6;
				MTL_ENABLE_DEBUG_INFO = NO;
				MTL_FAST_MATH = YES;
				SDKROOT = iphoneos;
				SWIFT_COMPILATION_MODE = wholemodule;
				SWIFT_OPTIMIZATION_LEVEL = "-O";
				VALIDATE_PRODUCT = YES;
			};
			name = Release;
		};
		1EF6C90625CBEF3400D8E66E /* Debug */ = {
			isa = XCBuildConfiguration;
			buildSettings = {
				ASSETCATALOG_COMPILER_APPICON_NAME = AppIcon;
				CODE_SIGN_STYLE = Automatic;
				INFOPLIST_FILE = LuminaryClock/Info.plist;
				LD_RUNPATH_SEARCH_PATHS = (
					"$(inherited)",
					"@executable_path/Frameworks",
				);
				PRODUCT_BUNDLE_IDENTIFIER = xfillmore.LuminaryClock;
				PRODUCT_NAME = "$(TARGET_NAME)";
				SWIFT_VERSION = 5.0;
				TARGETED_DEVICE_FAMILY = 1;
			};
			name = Debug;
		};
		1EF6C90725CBEF3400D8E66E /* Release */ = {
			isa = XCBuildConfiguration;
			buildSettings = {
				ASSETCATALOG_COMPILER_APPICON_NAME = AppIcon;
				CODE_SIGN_STYLE = Automatic;
				INFOPLIST_FILE = LuminaryClock/Info.plist;
				LD_RUNPATH_SEARCH_PATHS = (
					"$(inherited)",
					"@executable_path/Frameworks",
				);
				PRODUCT_BUNDLE_IDENTIFIER = xfillmore.LuminaryClock;
				PRODUCT_NAME = "$(TARGET_NAME)";
				SWIFT_VERSION = 5.0;
				TARGETED_DEVICE_FAMILY = 1;
			};
			name = Release;
		};
/* End XCBuildConfiguration section */

/* Begin XCConfigurationList section */
		1EF6C8EC25CBEF3200D8E66E /* Build configuration list for PBXProject "LuminaryClock" */ = {
			isa = XCConfigurationList;
			buildConfigurations = (
				1EF6C90325CBEF3400D8E66E /* Debug */,
				1EF6C90425CBEF3400D8E66E /* Release */,
			);
			defaultConfigurationIsVisible = 0;
			defaultConfigurationName = Release;
		};
		1EF6C90525CBEF3400D8E66E /* Build configuration list for PBXNativeTarget "LuminaryClock" */ = {
			isa = XCConfigurationList;
			buildConfigurations = (
				1EF6C90625CBEF3400D8E66E /* Debug */,
				1EF6C90725CBEF3400D8E66E /* Release */,
			);
			defaultConfigurationIsVisible = 0;
			defaultConfigurationName = Release;
		};
/* End XCConfigurationList section */
	};
	rootObject = 1EF6C8E925CBEF3200D8E66E /* Project object */;
}
