// !$*UTF8*$!
{
	archiveVersion = 1;
	classes = {
	};
	objectVersion = 50;
	objects = {

/* Begin PBXBuildFile section */
		1EB9AF2225DCE7F4000E1259 /* AddVC.swift in Sources */ = {isa = PBXBuildFile; fileRef = 1EB9AF2125DCE7F4000E1259 /* AddVC.swift */; };
		1EC0952925DB5E2D00B28CE4 /* AppDelegate.swift in Sources */ = {isa = PBXBuildFile; fileRef = 1EC0952825DB5E2D00B28CE4 /* AppDelegate.swift */; };
		1EC0952B25DB5E2E00B28CE4 /* SceneDelegate.swift in Sources */ = {isa = PBXBuildFile; fileRef = 1EC0952A25DB5E2E00B28CE4 /* SceneDelegate.swift */; };
		1EC0953025DB5E2E00B28CE4 /* Main.storyboard in Resources */ = {isa = PBXBuildFile; fileRef = 1EC0952E25DB5E2E00B28CE4 /* Main.storyboard */; };
		1EC0953225DB5E3100B28CE4 /* Assets.xcassets in Resources */ = {isa = PBXBuildFile; fileRef = 1EC0953125DB5E3100B28CE4 /* Assets.xcassets */; };
		1EC0953525DB5E3100B28CE4 /* LaunchScreen.storyboard in Resources */ = {isa = PBXBuildFile; fileRef = 1EC0953325DB5E3100B28CE4 /* LaunchScreen.storyboard */; };
		1EC0953E25DB5E6000B28CE4 /* dogbreeds.plist in Resources */ = {isa = PBXBuildFile; fileRef = 1EC0953D25DB5E6000B28CE4 /* dogbreeds.plist */; };
		1EC0954625DB8D2900B28CE4 /* DataHandler.swift in Sources */ = {isa = PBXBuildFile; fileRef = 1EC0954525DB8D2900B28CE4 /* DataHandler.swift */; };
		1EC0954925DB8E9900B28CE4 /* DogGroup.swift in Sources */ = {isa = PBXBuildFile; fileRef = 1EC0954825DB8E9900B28CE4 /* DogGroup.swift */; };
		1EC0954C25DB91DF00B28CE4 /* dogbreeds_orig.plist in Resources */ = {isa = PBXBuildFile; fileRef = 1EC0954B25DB91DF00B28CE4 /* dogbreeds_orig.plist */; };
		1EC0954F25DBB73700B28CE4 /* TableViewControllerRoot.swift in Sources */ = {isa = PBXBuildFile; fileRef = 1EC0954E25DBB73700B28CE4 /* TableViewControllerRoot.swift */; };
		1EC0955225DBE27E00B28CE4 /* TableViewControllerDetail.swift in Sources */ = {isa = PBXBuildFile; fileRef = 1EC0955125DBE27E00B28CE4 /* TableViewControllerDetail.swift */; };
		1EC0955625DC1A0D00B28CE4 /* SearchVC.swift in Sources */ = {isa = PBXBuildFile; fileRef = 1EC0955525DC1A0D00B28CE4 /* SearchVC.swift */; };
/* End PBXBuildFile section */

/* Begin PBXFileReference section */
		1EB9AF2125DCE7F4000E1259 /* AddVC.swift */ = {isa = PBXFileReference; lastKnownFileType = sourcecode.swift; path = AddVC.swift; sourceTree = "<group>"; };
		1EC0952525DB5E2D00B28CE4 /* AKCDogs.app */ = {isa = PBXFileReference; explicitFileType = wrapper.application; includeInIndex = 0; path = AKCDogs.app; sourceTree = BUILT_PRODUCTS_DIR; };
		1EC0952825DB5E2D00B28CE4 /* AppDelegate.swift */ = {isa = PBXFileReference; lastKnownFileType = sourcecode.swift; path = AppDelegate.swift; sourceTree = "<group>"; };
		1EC0952A25DB5E2E00B28CE4 /* SceneDelegate.swift */ = {isa = PBXFileReference; lastKnownFileType = sourcecode.swift; path = SceneDelegate.swift; sourceTree = "<group>"; };
		1EC0952F25DB5E2E00B28CE4 /* Base */ = {isa = PBXFileReference; lastKnownFileType = file.storyboard; name = Base; path = Base.lproj/Main.storyboard; sourceTree = "<group>"; };
		1EC0953125DB5E3100B28CE4 /* Assets.xcassets */ = {isa = PBXFileReference; lastKnownFileType = folder.assetcatalog; path = Assets.xcassets; sourceTree = "<group>"; };
		1EC0953425DB5E3100B28CE4 /* Base */ = {isa = PBXFileReference; lastKnownFileType = file.storyboard; name = Base; path = Base.lproj/LaunchScreen.storyboard; sourceTree = "<group>"; };
		1EC0953625DB5E3100B28CE4 /* Info.plist */ = {isa = PBXFileReference; lastKnownFileType = text.plist.xml; path = Info.plist; sourceTree = "<group>"; };
		1EC0953D25DB5E6000B28CE4 /* dogbreeds.plist */ = {isa = PBXFileReference; lastKnownFileType = text.plist.xml; path = dogbreeds.plist; sourceTree = "<group>"; };
		1EC0954525DB8D2900B28CE4 /* DataHandler.swift */ = {isa = PBXFileReference; lastKnownFileType = sourcecode.swift; path = DataHandler.swift; sourceTree = "<group>"; };
		1EC0954825DB8E9900B28CE4 /* DogGroup.swift */ = {isa = PBXFileReference; lastKnownFileType = sourcecode.swift; path = DogGroup.swift; sourceTree = "<group>"; };
		1EC0954B25DB91DF00B28CE4 /* dogbreeds_orig.plist */ = {isa = PBXFileReference; fileEncoding = 4; lastKnownFileType = text.plist.xml; path = dogbreeds_orig.plist; sourceTree = "<group>"; };
		1EC0954E25DBB73700B28CE4 /* TableViewControllerRoot.swift */ = {isa = PBXFileReference; lastKnownFileType = sourcecode.swift; path = TableViewControllerRoot.swift; sourceTree = "<group>"; };
		1EC0955125DBE27E00B28CE4 /* TableViewControllerDetail.swift */ = {isa = PBXFileReference; lastKnownFileType = sourcecode.swift; path = TableViewControllerDetail.swift; sourceTree = "<group>"; };
		1EC0955525DC1A0D00B28CE4 /* SearchVC.swift */ = {isa = PBXFileReference; lastKnownFileType = sourcecode.swift; path = SearchVC.swift; sourceTree = "<group>"; };
/* End PBXFileReference section */

/* Begin PBXFrameworksBuildPhase section */
		1EC0952225DB5E2D00B28CE4 /* Frameworks */ = {
			isa = PBXFrameworksBuildPhase;
			buildActionMask = 2147483647;
			files = (
			);
			runOnlyForDeploymentPostprocessing = 0;
		};
/* End PBXFrameworksBuildPhase section */

/* Begin PBXGroup section */
		1EC0951C25DB5E2D00B28CE4 = {
			isa = PBXGroup;
			children = (
				1EC0952725DB5E2D00B28CE4 /* AKCDogs */,
				1EC0952625DB5E2D00B28CE4 /* Products */,
			);
			sourceTree = "<group>";
		};
		1EC0952625DB5E2D00B28CE4 /* Products */ = {
			isa = PBXGroup;
			children = (
				1EC0952525DB5E2D00B28CE4 /* AKCDogs.app */,
			);
			name = Products;
			sourceTree = "<group>";
		};
		1EC0952725DB5E2D00B28CE4 /* AKCDogs */ = {
			isa = PBXGroup;
			children = (
				1EC0952A25DB5E2E00B28CE4 /* SceneDelegate.swift */,
				1EC0952825DB5E2D00B28CE4 /* AppDelegate.swift */,
				1EC0954525DB8D2900B28CE4 /* DataHandler.swift */,
				1EC0954825DB8E9900B28CE4 /* DogGroup.swift */,
				1EC0954E25DBB73700B28CE4 /* TableViewControllerRoot.swift */,
				1EC0955525DC1A0D00B28CE4 /* SearchVC.swift */,
				1EB9AF2125DCE7F4000E1259 /* AddVC.swift */,
				1EC0952E25DB5E2E00B28CE4 /* Main.storyboard */,
				1EC0955125DBE27E00B28CE4 /* TableViewControllerDetail.swift */,
				1EC0953125DB5E3100B28CE4 /* Assets.xcassets */,
				1EC0953325DB5E3100B28CE4 /* LaunchScreen.storyboard */,
				1EC0953625DB5E3100B28CE4 /* Info.plist */,
				1EC0953D25DB5E6000B28CE4 /* dogbreeds.plist */,
				1EC0954B25DB91DF00B28CE4 /* dogbreeds_orig.plist */,
			);
			path = AKCDogs;
			sourceTree = "<group>";
		};
/* End PBXGroup section */

/* Begin PBXNativeTarget section */
		1EC0952425DB5E2D00B28CE4 /* AKCDogs */ = {
			isa = PBXNativeTarget;
			buildConfigurationList = 1EC0953925DB5E3100B28CE4 /* Build configuration list for PBXNativeTarget "AKCDogs" */;
			buildPhases = (
				1EC0952125DB5E2D00B28CE4 /* Sources */,
				1EC0952225DB5E2D00B28CE4 /* Frameworks */,
				1EC0952325DB5E2D00B28CE4 /* Resources */,
			);
			buildRules = (
			);
			dependencies = (
			);
			name = AKCDogs;
			productName = AKCDogs;
			productReference = 1EC0952525DB5E2D00B28CE4 /* AKCDogs.app */;
			productType = "com.apple.product-type.application";
		};
/* End PBXNativeTarget section */

/* Begin PBXProject section */
		1EC0951D25DB5E2D00B28CE4 /* Project object */ = {
			isa = PBXProject;
			attributes = {
				LastSwiftUpdateCheck = 1240;
				LastUpgradeCheck = 1240;
				TargetAttributes = {
					1EC0952425DB5E2D00B28CE4 = {
						CreatedOnToolsVersion = 12.4;
					};
				};
			};
			buildConfigurationList = 1EC0952025DB5E2D00B28CE4 /* Build configuration list for PBXProject "AKCDogs" */;
			compatibilityVersion = "Xcode 9.3";
			developmentRegion = en;
			hasScannedForEncodings = 0;
			knownRegions = (
				en,
				Base,
			);
			mainGroup = 1EC0951C25DB5E2D00B28CE4;
			productRefGroup = 1EC0952625DB5E2D00B28CE4 /* Products */;
			projectDirPath = "";
			projectRoot = "";
			targets = (
				1EC0952425DB5E2D00B28CE4 /* AKCDogs */,
			);
		};
/* End PBXProject section */

/* Begin PBXResourcesBuildPhase section */
		1EC0952325DB5E2D00B28CE4 /* Resources */ = {
			isa = PBXResourcesBuildPhase;
			buildActionMask = 2147483647;
			files = (
				1EC0953E25DB5E6000B28CE4 /* dogbreeds.plist in Resources */,
				1EC0954C25DB91DF00B28CE4 /* dogbreeds_orig.plist in Resources */,
				1EC0953525DB5E3100B28CE4 /* LaunchScreen.storyboard in Resources */,
				1EC0953225DB5E3100B28CE4 /* Assets.xcassets in Resources */,
				1EC0953025DB5E2E00B28CE4 /* Main.storyboard in Resources */,
			);
			runOnlyForDeploymentPostprocessing = 0;
		};
/* End PBXResourcesBuildPhase section */

/* Begin PBXSourcesBuildPhase section */
		1EC0952125DB5E2D00B28CE4 /* Sources */ = {
			isa = PBXSourcesBuildPhase;
			buildActionMask = 2147483647;
			files = (
				1EB9AF2225DCE7F4000E1259 /* AddVC.swift in Sources */,
				1EC0954625DB8D2900B28CE4 /* DataHandler.swift in Sources */,
				1EC0955225DBE27E00B28CE4 /* TableViewControllerDetail.swift in Sources */,
				1EC0952925DB5E2D00B28CE4 /* AppDelegate.swift in Sources */,
				1EC0954F25DBB73700B28CE4 /* TableViewControllerRoot.swift in Sources */,
				1EC0954925DB8E9900B28CE4 /* DogGroup.swift in Sources */,
				1EC0952B25DB5E2E00B28CE4 /* SceneDelegate.swift in Sources */,
				1EC0955625DC1A0D00B28CE4 /* SearchVC.swift in Sources */,
			);
			runOnlyForDeploymentPostprocessing = 0;
		};
/* End PBXSourcesBuildPhase section */

/* Begin PBXVariantGroup section */
		1EC0952E25DB5E2E00B28CE4 /* Main.storyboard */ = {
			isa = PBXVariantGroup;
			children = (
				1EC0952F25DB5E2E00B28CE4 /* Base */,
			);
			name = Main.storyboard;
			sourceTree = "<group>";
		};
		1EC0953325DB5E3100B28CE4 /* LaunchScreen.storyboard */ = {
			isa = PBXVariantGroup;
			children = (
				1EC0953425DB5E3100B28CE4 /* Base */,
			);
			name = LaunchScreen.storyboard;
			sourceTree = "<group>";
		};
/* End PBXVariantGroup section */

/* Begin XCBuildConfiguration section */
		1EC0953725DB5E3100B28CE4 /* Debug */ = {
			isa = XCBuildConfiguration;
			buildSettings = {
				ALWAYS_SEARCH_USER_PATHS = NO;
				CLANG_ANALYZER_NONNULL = YES;
				CLANG_ANALYZER_NUMBER_OBJECT_CONVERSION = YES_AGGRESSIVE;
				CLANG_CXX_LANGUAGE_STANDARD = "gnu++14";
				CLANG_CXX_LIBRARY = "libc++";
				CLANG_ENABLE_MODULES = YES;
				CLANG_ENABLE_OBJC_ARC = YES;
				CLANG_ENABLE_OBJC_WEAK = YES;
				CLANG_WARN_BLOCK_CAPTURE_AUTORELEASING = YES;
				CLANG_WARN_BOOL_CONVERSION = YES;
				CLANG_WARN_COMMA = YES;
				CLANG_WARN_CONSTANT_CONVERSION = YES;
				CLANG_WARN_DEPRECATED_OBJC_IMPLEMENTATIONS = YES;
				CLANG_WARN_DIRECT_OBJC_ISA_USAGE = YES_ERROR;
				CLANG_WARN_DOCUMENTATION_COMMENTS = YES;
				CLANG_WARN_EMPTY_BODY = YES;
				CLANG_WARN_ENUM_CONVERSION = YES;
				CLANG_WARN_INFINITE_RECURSION = YES;
				CLANG_WARN_INT_CONVERSION = YES;
				CLANG_WARN_NON_LITERAL_NULL_CONVERSION = YES;
				CLANG_WARN_OBJC_IMPLICIT_RETAIN_SELF = YES;
				CLANG_WARN_OBJC_LITERAL_CONVERSION = YES;
				CLANG_WARN_OBJC_ROOT_CLASS = YES_ERROR;
				CLANG_WARN_QUOTED_INCLUDE_IN_FRAMEWORK_HEADER = YES;
				CLANG_WARN_RANGE_LOOP_ANALYSIS = YES;
				CLANG_WARN_STRICT_PROTOTYPES = YES;
				CLANG_WARN_SUSPICIOUS_MOVE = YES;
				CLANG_WARN_UNGUARDED_AVAILABILITY = YES_AGGRESSIVE;
				CLANG_WARN_UNREACHABLE_CODE = YES;
				CLANG_WARN__DUPLICATE_METHOD_MATCH = YES;
				COPY_PHASE_STRIP = NO;
				DEBUG_INFORMATION_FORMAT = dwarf;
				ENABLE_STRICT_OBJC_MSGSEND = YES;
				ENABLE_TESTABILITY = YES;
				GCC_C_LANGUAGE_STANDARD = gnu11;
				GCC_DYNAMIC_NO_PIC = NO;
				GCC_NO_COMMON_BLOCKS = YES;
				GCC_OPTIMIZATION_LEVEL = 0;
				GCC_PREPROCESSOR_DEFINITIONS = (
					"DEBUG=1",
					"$(inherited)",
				);
				GCC_WARN_64_TO_32_BIT_CONVERSION = YES;
				GCC_WARN_ABOUT_RETURN_TYPE = YES_ERROR;
				GCC_WARN_UNDECLARED_SELECTOR = YES;
				GCC_WARN_UNINITIALIZED_AUTOS = YES_AGGRESSIVE;
				GCC_WARN_UNUSED_FUNCTION = YES;
				GCC_WARN_UNUSED_VARIABLE = YES;
				IPHONEOS_DEPLOYMENT_TARGET = 14.4;
				MTL_ENABLE_DEBUG_INFO = INCLUDE_SOURCE;
				MTL_FAST_MATH = YES;
				ONLY_ACTIVE_ARCH = YES;
				SDKROOT = iphoneos;
				SWIFT_ACTIVE_COMPILATION_CONDITIONS = DEBUG;
				SWIFT_OPTIMIZATION_LEVEL = "-Onone";
			};
			name = Debug;
		};
		1EC0953825DB5E3100B28CE4 /* Release */ = {
			isa = XCBuildConfiguration;
			buildSettings = {
				ALWAYS_SEARCH_USER_PATHS = NO;
				CLANG_ANALYZER_NONNULL = YES;
				CLANG_ANALYZER_NUMBER_OBJECT_CONVERSION = YES_AGGRESSIVE;
				CLANG_CXX_LANGUAGE_STANDARD = "gnu++14";
				CLANG_CXX_LIBRARY = "libc++";
				CLANG_ENABLE_MODULES = YES;
				CLANG_ENABLE_OBJC_ARC = YES;
				CLANG_ENABLE_OBJC_WEAK = YES;
				CLANG_WARN_BLOCK_CAPTURE_AUTORELEASING = YES;
				CLANG_WARN_BOOL_CONVERSION = YES;
				CLANG_WARN_COMMA = YES;
				CLANG_WARN_CONSTANT_CONVERSION = YES;
				CLANG_WARN_DEPRECATED_OBJC_IMPLEMENTATIONS = YES;
				CLANG_WARN_DIRECT_OBJC_ISA_USAGE = YES_ERROR;
				CLANG_WARN_DOCUMENTATION_COMMENTS = YES;
				CLANG_WARN_EMPTY_BODY = YES;
				CLANG_WARN_ENUM_CONVERSION = YES;
				CLANG_WARN_INFINITE_RECURSION = YES;
				CLANG_WARN_INT_CONVERSION = YES;
				CLANG_WARN_NON_LITERAL_NULL_CONVERSION = YES;
				CLANG_WARN_OBJC_IMPLICIT_RETAIN_SELF = YES;
				CLANG_WARN_OBJC_LITERAL_CONVERSION = YES;
				CLANG_WARN_OBJC_ROOT_CLASS = YES_ERROR;
				CLANG_WARN_QUOTED_INCLUDE_IN_FRAMEWORK_HEADER = YES;
				CLANG_WARN_RANGE_LOOP_ANALYSIS = YES;
				CLANG_WARN_STRICT_PROTOTYPES = YES;
				CLANG_WARN_SUSPICIOUS_MOVE = YES;
				CLANG_WARN_UNGUARDED_AVAILABILITY = YES_AGGRESSIVE;
				CLANG_WARN_UNREACHABLE_CODE = YES;
				CLANG_WARN__DUPLICATE_METHOD_MATCH = YES;
				COPY_PHASE_STRIP = NO;
				DEBUG_INFORMATION_FORMAT = "dwarf-with-dsym";
				ENABLE_NS_ASSERTIONS = NO;
				ENABLE_STRICT_OBJC_MSGSEND = YES;
				GCC_C_LANGUAGE_STANDARD = gnu11;
				GCC_NO_COMMON_BLOCKS = YES;
				GCC_WARN_64_TO_32_BIT_CONVERSION = YES;
				GCC_WARN_ABOUT_RETURN_TYPE = YES_ERROR;
				GCC_WARN_UNDECLARED_SELECTOR = YES;
				GCC_WARN_UNINITIALIZED_AUTOS = YES_AGGRESSIVE;
				GCC_WARN_UNUSED_FUNCTION = YES;
				GCC_WARN_UNUSED_VARIABLE = YES;
				IPHONEOS_DEPLOYMENT_TARGET = 14.4;
				MTL_ENABLE_DEBUG_INFO = NO;
				MTL_FAST_MATH = YES;
				SDKROOT = iphoneos;
				SWIFT_COMPILATION_MODE = wholemodule;
				SWIFT_OPTIMIZATION_LEVEL = "-O";
				VALIDATE_PRODUCT = YES;
			};
			name = Release;
		};
		1EC0953A25DB5E3100B28CE4 /* Debug */ = {
			isa = XCBuildConfiguration;
			buildSettings = {
				ASSETCATALOG_COMPILER_APPICON_NAME = AppIcon;
				ASSETCATALOG_COMPILER_GLOBAL_ACCENT_COLOR_NAME = AccentColor;
				CODE_SIGN_STYLE = Automatic;
				INFOPLIST_FILE = AKCDogs/Info.plist;
				LD_RUNPATH_SEARCH_PATHS = (
					"$(inherited)",
					"@executable_path/Frameworks",
				);
				PRODUCT_BUNDLE_IDENTIFIER = xfillmore.AKCDogs;
				PRODUCT_NAME = "$(TARGET_NAME)";
				SWIFT_VERSION = 5.0;
				TARGETED_DEVICE_FAMILY = "1,2";
			};
			name = Debug;
		};
		1EC0953B25DB5E3100B28CE4 /* Release */ = {
			isa = XCBuildConfiguration;
			buildSettings = {
				ASSETCATALOG_COMPILER_APPICON_NAME = AppIcon;
				ASSETCATALOG_COMPILER_GLOBAL_ACCENT_COLOR_NAME = AccentColor;
				CODE_SIGN_STYLE = Automatic;
				INFOPLIST_FILE = AKCDogs/Info.plist;
				LD_RUNPATH_SEARCH_PATHS = (
					"$(inherited)",
					"@executable_path/Frameworks",
				);
				PRODUCT_BUNDLE_IDENTIFIER = xfillmore.AKCDogs;
				PRODUCT_NAME = "$(TARGET_NAME)";
				SWIFT_VERSION = 5.0;
				TARGETED_DEVICE_FAMILY = "1,2";
			};
			name = Release;
		};
/* End XCBuildConfiguration section */

/* Begin XCConfigurationList section */
		1EC0952025DB5E2D00B28CE4 /* Build configuration list for PBXProject "AKCDogs" */ = {
			isa = XCConfigurationList;
			buildConfigurations = (
				1EC0953725DB5E3100B28CE4 /* Debug */,
				1EC0953825DB5E3100B28CE4 /* Release */,
			);
			defaultConfigurationIsVisible = 0;
			defaultConfigurationName = Release;
		};
		1EC0953925DB5E3100B28CE4 /* Build configuration list for PBXNativeTarget "AKCDogs" */ = {
			isa = XCConfigurationList;
			buildConfigurations = (
				1EC0953A25DB5E3100B28CE4 /* Debug */,
				1EC0953B25DB5E3100B28CE4 /* Release */,
			);
			defaultConfigurationIsVisible = 0;
			defaultConfigurationName = Release;
		};
/* End XCConfigurationList section */
	};
	rootObject = 1EC0951D25DB5E2D00B28CE4 /* Project object */;
}
